
Microsoft Visual Studio Solution File, Format Version 12.00
# Visual Studio Version 16
VisualStudioVersion = 16.0.30523.141
MinimumVisualStudioVersion = 10.0.40219.1
Project("{9A19103F-16F7-4668-BE54-9A1E7A4F7556}") = "Hangman2", "Hangman2\Hangman2.csproj", "{A36C7558-D2B3-4431-8704-6D40208C4550}"
EndProject
Project("{FAE04EC0-301F-11D3-BF4B-00C04F79EFBC}") = "Hangman2.Core.Test", "Hangman2.Core.Test\Hangman2.Core.Test.csproj", "{A2D712A8-20C7-461A-9A96-FBC45001D5C1}"
EndProject
Project("{FAE04EC0-301F-11D3-BF4B-00C04F79EFBC}") = "Hangman2.Core", "Hangman2.Core\Hangman2.Core.csproj", "{97E7554D-B050-4AB4-9E49-19223698A0BA}"
EndProject
Global
	GlobalSection(SolutionConfigurationPlatforms) = preSolution
		Debug|Any CPU = Debug|Any CPU
		Release|Any CPU = Release|Any CPU
	EndGlobalSection
	GlobalSection(ProjectConfigurationPlatforms) = postSolution
		{A36C7558-D2B3-4431-8704-6D40208C4550}.Debug|Any CPU.ActiveCfg = Debug|Any CPU
		{A36C7558-D2B3-4431-8704-6D40208C4550}.Debug|Any CPU.Build.0 = Debug|Any CPU
		{A36C7558-D2B3-4431-8704-6D40208C4550}.Release|Any CPU.ActiveCfg = Release|Any CPU
		{A36C7558-D2B3-4431-8704-6D40208C4550}.Release|Any CPU.Build.0 = Release|Any CPU
		{A2D712A8-20C7-461A-9A96-FBC45001D5C1}.Debug|Any CPU.ActiveCfg = Debug|Any CPU
		{A2D712A8-20C7-461A-9A96-FBC45001D5C1}.Debug|Any CPU.Build.0 = Debug|Any CPU
		{A2D712A8-20C7-461A-9A96-FBC45001D5C1}.Release|Any CPU.ActiveCfg = Release|Any CPU
		{A2D712A8-20C7-461A-9A96-FBC45001D5C1}.Release|Any CPU.Build.0 = Release|Any CPU
		{97E7554D-B050-4AB4-9E49-19223698A0BA}.Debug|Any CPU.ActiveCfg = Debug|Any CPU
		{97E7554D-B050-4AB4-9E49-19223698A0BA}.Debug|Any CPU.Build.0 = Debug|Any CPU
		{97E7554D-B050-4AB4-9E49-19223698A0BA}.Release|Any CPU.ActiveCfg = Release|Any CPU
		{97E7554D-B050-4AB4-9E49-19223698A0BA}.Release|Any CPU.Build.0 = Release|Any CPU
	EndGlobalSection
	GlobalSection(SolutionProperties) = preSolution
		HideSolutionNode = FALSE
	EndGlobalSection
	GlobalSection(ExtensibilityGlobals) = postSolution
		SolutionGuid = {96361AD1-2722-4B5B-834E-D9AF56CB6D58}
	EndGlobalSection
EndGlobal
